
Microsoft Visual Studio Solution File, Format Version 12.00
# Visual Studio Version 17
VisualStudioVersion = 17.7.34031.279
MinimumVisualStudioVersion = 10.0.40219.1
Project("{FAE04EC0-301F-11D3-BF4B-00C04F79EFBC}") = "Game-Tanks-Clash", "Game-Tanks-Clash\Game-Tanks-Clash.csproj", "{0BA00CCA-54CE-49D0-B52C-58E803CA7AB6}"
EndProject
Global
	GlobalSection(SolutionConfigurationPlatforms) = preSolution
		Debug|Any CPU = Debug|Any CPU
		Release|Any CPU = Release|Any CPU
	EndGlobalSection
	GlobalSection(ProjectConfigurationPlatforms) = postSolution
		{0BA00CCA-54CE-49D0-B52C-58E803CA7AB6}.Debug|Any CPU.ActiveCfg = Debug|Any CPU
		{0BA00CCA-54CE-49D0-B52C-58E803CA7AB6}.Debug|Any CPU.Build.0 = Debug|Any CPU
		{0BA00CCA-54CE-49D0-B52C-58E803CA7AB6}.Release|Any CPU.ActiveCfg = Release|Any CPU
		{0BA00CCA-54CE-49D0-B52C-58E803CA7AB6}.Release|Any CPU.Build.0 = Release|Any CPU
	EndGlobalSection
	GlobalSection(SolutionProperties) = preSolution
		HideSolutionNode = FALSE
	EndGlobalSection
	GlobalSection(ExtensibilityGlobals) = postSolution
		SolutionGuid = {CFBFCA64-97A9-4EAB-B7CF-96EE89AF8DF8}
	EndGlobalSection
EndGlobal
